
Microsoft Visual Studio Solution File, Format Version 12.00
# Visual Studio Version 16
VisualStudioVersion = 16.0.30011.22
MinimumVisualStudioVersion = 10.0.40219.1
Project("{FAE04EC0-301F-11D3-BF4B-00C04F79EFBC}") = "TubeRouteFinder", "TubeRouteFinder\TubeRouteFinder.csproj", "{0920FE1D-078C-47C9-98A5-F0128A9BEF65}"
EndProject
Global
	GlobalSection(SolutionConfigurationPlatforms) = preSolution
		Debug|Any CPU = Debug|Any CPU
		Release|Any CPU = Release|Any CPU
	EndGlobalSection
	GlobalSection(ProjectConfigurationPlatforms) = postSolution
		{0920FE1D-078C-47C9-98A5-F0128A9BEF65}.Debug|Any CPU.ActiveCfg = Debug|Any CPU
		{0920FE1D-078C-47C9-98A5-F0128A9BEF65}.Debug|Any CPU.Build.0 = Debug|Any CPU
		{0920FE1D-078C-47C9-98A5-F0128A9BEF65}.Release|Any CPU.ActiveCfg = Release|Any CPU
		{0920FE1D-078C-47C9-98A5-F0128A9BEF65}.Release|Any CPU.Build.0 = Release|Any CPU
	EndGlobalSection
	GlobalSection(SolutionProperties) = preSolution
		HideSolutionNode = FALSE
	EndGlobalSection
	GlobalSection(ExtensibilityGlobals) = postSolution
		SolutionGuid = {90912FAC-EBE5-441B-A8EE-8965FAC1935D}
	EndGlobalSection
EndGlobal
